
Microsoft Visual Studio Solution File, Format Version 12.00
# Visual Studio 15
VisualStudioVersion = 15.0.26430.16
MinimumVisualStudioVersion = 10.0.40219.1
Project("{FAE04EC0-301F-11D3-BF4B-00C04F79EFBC}") = "HelloSoftUni", "HelloSoftUni\HelloSoftUni.csproj", "{9FB3DC7E-80EF-4CDA-A77C-922EE8C85980}"
EndProject
Project("{FAE04EC0-301F-11D3-BF4B-00C04F79EFBC}") = "Expression", "Expression\Expression.csproj", "{C200865C-53DB-49B8-9850-FFE53A5949A2}"
EndProject
Project("{FAE04EC0-301F-11D3-BF4B-00C04F79EFBC}") = "Nums1To20", "Nums1To20\Nums1To20.csproj", "{4557950A-AF62-45CE-8152-2E78218738B3}"
EndProject
Project("{FAE04EC0-301F-11D3-BF4B-00C04F79EFBC}") = "TriangleOf55Stars", "TriangleOf55Stars\TriangleOf55Stars.csproj", "{6D6A9AFB-C7FC-4978-8C72-E37963918B25}"
EndProject
Project("{FAE04EC0-301F-11D3-BF4B-00C04F79EFBC}") = "RectangleArea", "RectangleArea\RectangleArea.csproj", "{D923B5E0-1B9B-47F9-B963-28792796F270}"
EndProject
Project("{FAE04EC0-301F-11D3-BF4B-00C04F79EFBC}") = "SquareOfStars.txt", "SquareOfStars.txt\SquareOfStars.txt.csproj", "{1D4B54C4-735E-410F-99CB-89F242ACEED2}"
EndProject
Project("{FAE04EC0-301F-11D3-BF4B-00C04F79EFBC}") = "Sumator", "Sumator\Sumator.csproj", "{9673672B-E5EC-46F1-B6CE-A4AB0FDD473F}"
EndProject
Project("{FAE04EC0-301F-11D3-BF4B-00C04F79EFBC}") = "WebApp", "WebApp\WebApp.csproj", "{9E28C857-E92B-4D02-B4F4-DF60F28F60B4}"
EndProject
Global
	GlobalSection(SolutionConfigurationPlatforms) = preSolution
		Debug|Any CPU = Debug|Any CPU
		Release|Any CPU = Release|Any CPU
	EndGlobalSection
	GlobalSection(ProjectConfigurationPlatforms) = postSolution
		{9FB3DC7E-80EF-4CDA-A77C-922EE8C85980}.Debug|Any CPU.ActiveCfg = Debug|Any CPU
		{9FB3DC7E-80EF-4CDA-A77C-922EE8C85980}.Debug|Any CPU.Build.0 = Debug|Any CPU
		{9FB3DC7E-80EF-4CDA-A77C-922EE8C85980}.Release|Any CPU.ActiveCfg = Release|Any CPU
		{9FB3DC7E-80EF-4CDA-A77C-922EE8C85980}.Release|Any CPU.Build.0 = Release|Any CPU
		{C200865C-53DB-49B8-9850-FFE53A5949A2}.Debug|Any CPU.ActiveCfg = Debug|Any CPU
		{C200865C-53DB-49B8-9850-FFE53A5949A2}.Debug|Any CPU.Build.0 = Debug|Any CPU
		{C200865C-53DB-49B8-9850-FFE53A5949A2}.Release|Any CPU.ActiveCfg = Release|Any CPU
		{C200865C-53DB-49B8-9850-FFE53A5949A2}.Release|Any CPU.Build.0 = Release|Any CPU
		{4557950A-AF62-45CE-8152-2E78218738B3}.Debug|Any CPU.ActiveCfg = Debug|Any CPU
		{4557950A-AF62-45CE-8152-2E78218738B3}.Debug|Any CPU.Build.0 = Debug|Any CPU
		{4557950A-AF62-45CE-8152-2E78218738B3}.Release|Any CPU.ActiveCfg = Release|Any CPU
		{4557950A-AF62-45CE-8152-2E78218738B3}.Release|Any CPU.Build.0 = Release|Any CPU
		{6D6A9AFB-C7FC-4978-8C72-E37963918B25}.Debug|Any CPU.ActiveCfg = Debug|Any CPU
		{6D6A9AFB-C7FC-4978-8C72-E37963918B25}.Debug|Any CPU.Build.0 = Debug|Any CPU
		{6D6A9AFB-C7FC-4978-8C72-E37963918B25}.Release|Any CPU.ActiveCfg = Release|Any CPU
		{6D6A9AFB-C7FC-4978-8C72-E37963918B25}.Release|Any CPU.Build.0 = Release|Any CPU
		{D923B5E0-1B9B-47F9-B963-28792796F270}.Debug|Any CPU.ActiveCfg = Debug|Any CPU
		{D923B5E0-1B9B-47F9-B963-28792796F270}.Debug|Any CPU.Build.0 = Debug|Any CPU
		{D923B5E0-1B9B-47F9-B963-28792796F270}.Release|Any CPU.ActiveCfg = Release|Any CPU
		{D923B5E0-1B9B-47F9-B963-28792796F270}.Release|Any CPU.Build.0 = Release|Any CPU
		{1D4B54C4-735E-410F-99CB-89F242ACEED2}.Debug|Any CPU.ActiveCfg = Debug|Any CPU
		{1D4B54C4-735E-410F-99CB-89F242ACEED2}.Debug|Any CPU.Build.0 = Debug|Any CPU
		{1D4B54C4-735E-410F-99CB-89F242ACEED2}.Release|Any CPU.ActiveCfg = Release|Any CPU
		{1D4B54C4-735E-410F-99CB-89F242ACEED2}.Release|Any CPU.Build.0 = Release|Any CPU
		{9673672B-E5EC-46F1-B6CE-A4AB0FDD473F}.Debug|Any CPU.ActiveCfg = Debug|Any CPU
		{9673672B-E5EC-46F1-B6CE-A4AB0FDD473F}.Debug|Any CPU.Build.0 = Debug|Any CPU
		{9673672B-E5EC-46F1-B6CE-A4AB0FDD473F}.Release|Any CPU.ActiveCfg = Release|Any CPU
		{9673672B-E5EC-46F1-B6CE-A4AB0FDD473F}.Release|Any CPU.Build.0 = Release|Any CPU
		{9E28C857-E92B-4D02-B4F4-DF60F28F60B4}.Debug|Any CPU.ActiveCfg = Debug|Any CPU
		{9E28C857-E92B-4D02-B4F4-DF60F28F60B4}.Debug|Any CPU.Build.0 = Debug|Any CPU
		{9E28C857-E92B-4D02-B4F4-DF60F28F60B4}.Release|Any CPU.ActiveCfg = Release|Any CPU
		{9E28C857-E92B-4D02-B4F4-DF60F28F60B4}.Release|Any CPU.Build.0 = Release|Any CPU
	EndGlobalSection
	GlobalSection(SolutionProperties) = preSolution
		HideSolutionNode = FALSE
	EndGlobalSection
EndGlobal
